lockfileVersion: 5.4

specifiers:
  '@dfinity/candid': ^0.11.1
  '@types/node': ^17.0.34

devDependencies:
  '@dfinity/candid': 0.11.1
  '@types/node': 17.0.34

packages:

  /@dfinity/candid/0.11.1:
    resolution: {integrity: sha512-EYZZg+x7OgZxa56D9SWMeTlaMb09HJ7wIfL42+l/e0lgrx+sTXYxKe8bM9FrUW9AWo9/gKkOGV/IxJL/Acncng==}
    dev: true

  /@types/node/17.0.34:
    resolution: {integrity: sha512-XImEz7XwTvDBtzlTnm8YvMqGW/ErMWBsKZ+hMTvnDIjGCKxwK5Xpc+c/oQjOauwq8M4OS11hEkpjX8rrI/eEgA==}
    dev: true
